
Microsoft Visual Studio Solution File, Format Version 12.00
# Visual Studio 14
VisualStudioVersion = 14.0.24720.0
MinimumVisualStudioVersion = 10.0.40219.1
Project("{2150E333-8FDC-42A3-9474-1A3956D46DE8}") = "Solution Items", "Solution Items", "{24C55106-3D2F-45AB-B84F-9D0BBD028DA9}"
	ProjectSection(SolutionItems) = preProject
		nuget.config = nuget.config
	EndProjectSection
EndProject
Project("{FAE04EC0-301F-11D3-BF4B-00C04F79EFBC}") = "Metadata", "Metadata\Metadata.csproj", "{92A1603F-7D22-43AA-B598-0B2DFB7083F4}"
EndProject
Project("{FAE04EC0-301F-11D3-BF4B-00C04F79EFBC}") = "Metadata.Tests", "Tests\Metadata.Tests\Metadata.Tests.csproj", "{1C9EB33A-F0B2-46F3-AC99-8A220087F508}"
EndProject
Project("{FAE04EC0-301F-11D3-BF4B-00C04F79EFBC}") = "GeneticProgramming.Core", "GeneticProgramming.Core\GeneticProgramming.Core.csproj", "{668350CF-2DFF-4D8C-8F4D-5AC53FD17015}"
EndProject
Project("{FAE04EC0-301F-11D3-BF4B-00C04F79EFBC}") = "GeneticProgramming.ComputationNode", "GeneticProgramming.ComputationNode\GeneticProgramming.ComputationNode.csproj", "{FD5228D9-A0DE-4785-A58C-2F9BE3C5C21B}"
EndProject
Project("{FAE04EC0-301F-11D3-BF4B-00C04F79EFBC}") = "GeneticProgramming.Data", "GeneticProgramming.Data\GeneticProgramming.Data.csproj", "{B97F683E-D168-4306-9A36-32B5EA37D790}"
EndProject
Project("{FAE04EC0-301F-11D3-BF4B-00C04F79EFBC}") = "GeneticProgramming.Server", "GeneticProgramming.Server\GeneticProgramming.Server.csproj", "{C984551F-B5C5-4330-9C4D-BC9C8F00A975}"
EndProject
Project("{2150E333-8FDC-42A3-9474-1A3956D46DE8}") = "Tests", "Tests", "{118D2B72-D8E3-4498-AFB1-8129EF896D09}"
EndProject
Project("{FAE04EC0-301F-11D3-BF4B-00C04F79EFBC}") = "GeneticProgramming.Server.Tests", "GeneticProgramming.Server.Tests\GeneticProgramming.Server.Tests.csproj", "{0E1A642D-0CEF-42AE-B274-C42BD4833993}"
EndProject
Project("{888888A0-9F3D-457C-B088-3A5042F75D52}") = "PythonUtils", "Python\PythonUtils\PythonUtils.pyproj", "{E6A5F7E1-4A1D-4613-AC26-310D20A9117D}"
EndProject
Project("{FAE04EC0-301F-11D3-BF4B-00C04F79EFBC}") = "GeneticProgramming.Server.Core", "GeneticProgramming.Server.Core\GeneticProgramming.Server.Core.csproj", "{9AD63F33-0D70-4416-BCB5-FEFACE06C741}"
EndProject
Project("{FAE04EC0-301F-11D3-BF4B-00C04F79EFBC}") = "Accord.Genetic", "AForge\Accord.Genetic.csproj", "{2EFAA327-1789-4438-B9F5-E83ACAE12DB2}"
EndProject
Global
	GlobalSection(SolutionConfigurationPlatforms) = preSolution
		Debug|Any CPU = Debug|Any CPU
		Debug|x64 = Debug|x64
		Debug|x86 = Debug|x86
		NET35|Any CPU = NET35|Any CPU
		NET35|x64 = NET35|x64
		NET35|x86 = NET35|x86
		NET40|Any CPU = NET40|Any CPU
		NET40|x64 = NET40|x64
		NET40|x86 = NET40|x86
		NET45|Any CPU = NET45|Any CPU
		NET45|x64 = NET45|x64
		NET45|x86 = NET45|x86
		Release|Any CPU = Release|Any CPU
		Release|x64 = Release|x64
		Release|x86 = Release|x86
	EndGlobalSection
	GlobalSection(ProjectConfigurationPlatforms) = postSolution
		{92A1603F-7D22-43AA-B598-0B2DFB7083F4}.Debug|Any CPU.ActiveCfg = Debug|Any CPU
		{92A1603F-7D22-43AA-B598-0B2DFB7083F4}.Debug|Any CPU.Build.0 = Debug|Any CPU
		{92A1603F-7D22-43AA-B598-0B2DFB7083F4}.Debug|Any CPU.Deploy.0 = Debug|Any CPU
		{92A1603F-7D22-43AA-B598-0B2DFB7083F4}.Debug|x64.ActiveCfg = Debug|x64
		{92A1603F-7D22-43AA-B598-0B2DFB7083F4}.Debug|x64.Build.0 = Debug|x64
		{92A1603F-7D22-43AA-B598-0B2DFB7083F4}.Debug|x86.ActiveCfg = Debug|x86
		{92A1603F-7D22-43AA-B598-0B2DFB7083F4}.Debug|x86.Build.0 = Debug|x86
		{92A1603F-7D22-43AA-B598-0B2DFB7083F4}.NET35|Any CPU.ActiveCfg = Release|Any CPU
		{92A1603F-7D22-43AA-B598-0B2DFB7083F4}.NET35|Any CPU.Build.0 = Release|Any CPU
		{92A1603F-7D22-43AA-B598-0B2DFB7083F4}.NET35|x64.ActiveCfg = Release|x64
		{92A1603F-7D22-43AA-B598-0B2DFB7083F4}.NET35|x64.Build.0 = Release|x64
		{92A1603F-7D22-43AA-B598-0B2DFB7083F4}.NET35|x86.ActiveCfg = Release|x86
		{92A1603F-7D22-43AA-B598-0B2DFB7083F4}.NET35|x86.Build.0 = Release|x86
		{92A1603F-7D22-43AA-B598-0B2DFB7083F4}.NET40|Any CPU.ActiveCfg = Release|Any CPU
		{92A1603F-7D22-43AA-B598-0B2DFB7083F4}.NET40|Any CPU.Build.0 = Release|Any CPU
		{92A1603F-7D22-43AA-B598-0B2DFB7083F4}.NET40|x64.ActiveCfg = Release|x64
		{92A1603F-7D22-43AA-B598-0B2DFB7083F4}.NET40|x64.Build.0 = Release|x64
		{92A1603F-7D22-43AA-B598-0B2DFB7083F4}.NET40|x86.ActiveCfg = Release|x86
		{92A1603F-7D22-43AA-B598-0B2DFB7083F4}.NET40|x86.Build.0 = Release|x86
		{92A1603F-7D22-43AA-B598-0B2DFB7083F4}.NET45|Any CPU.ActiveCfg = Release|Any CPU
		{92A1603F-7D22-43AA-B598-0B2DFB7083F4}.NET45|Any CPU.Build.0 = Release|Any CPU
		{92A1603F-7D22-43AA-B598-0B2DFB7083F4}.NET45|x64.ActiveCfg = Release|x64
		{92A1603F-7D22-43AA-B598-0B2DFB7083F4}.NET45|x64.Build.0 = Release|x64
		{92A1603F-7D22-43AA-B598-0B2DFB7083F4}.NET45|x86.ActiveCfg = Release|x86
		{92A1603F-7D22-43AA-B598-0B2DFB7083F4}.NET45|x86.Build.0 = Release|x86
		{92A1603F-7D22-43AA-B598-0B2DFB7083F4}.Release|Any CPU.ActiveCfg = Release|Any CPU
		{92A1603F-7D22-43AA-B598-0B2DFB7083F4}.Release|Any CPU.Build.0 = Release|Any CPU
		{92A1603F-7D22-43AA-B598-0B2DFB7083F4}.Release|x64.ActiveCfg = Release|x64
		{92A1603F-7D22-43AA-B598-0B2DFB7083F4}.Release|x64.Build.0 = Release|x64
		{92A1603F-7D22-43AA-B598-0B2DFB7083F4}.Release|x86.ActiveCfg = Release|x86
		{92A1603F-7D22-43AA-B598-0B2DFB7083F4}.Release|x86.Build.0 = Release|x86
		{1C9EB33A-F0B2-46F3-AC99-8A220087F508}.Debug|Any CPU.ActiveCfg = Debug|Any CPU
		{1C9EB33A-F0B2-46F3-AC99-8A220087F508}.Debug|Any CPU.Build.0 = Debug|Any CPU
		{1C9EB33A-F0B2-46F3-AC99-8A220087F508}.Debug|Any CPU.Deploy.0 = Debug|Any CPU
		{1C9EB33A-F0B2-46F3-AC99-8A220087F508}.Debug|x64.ActiveCfg = Debug|x64
		{1C9EB33A-F0B2-46F3-AC99-8A220087F508}.Debug|x64.Build.0 = Debug|x64
		{1C9EB33A-F0B2-46F3-AC99-8A220087F508}.Debug|x86.ActiveCfg = Debug|x86
		{1C9EB33A-F0B2-46F3-AC99-8A220087F508}.Debug|x86.Build.0 = Debug|x86
		{1C9EB33A-F0B2-46F3-AC99-8A220087F508}.NET35|Any CPU.ActiveCfg = Release|Any CPU
		{1C9EB33A-F0B2-46F3-AC99-8A220087F508}.NET35|Any CPU.Build.0 = Release|Any CPU
		{1C9EB33A-F0B2-46F3-AC99-8A220087F508}.NET35|x64.ActiveCfg = Release|x64
		{1C9EB33A-F0B2-46F3-AC99-8A220087F508}.NET35|x64.Build.0 = Release|x64
		{1C9EB33A-F0B2-46F3-AC99-8A220087F508}.NET35|x86.ActiveCfg = Release|x86
		{1C9EB33A-F0B2-46F3-AC99-8A220087F508}.NET35|x86.Build.0 = Release|x86
		{1C9EB33A-F0B2-46F3-AC99-8A220087F508}.NET40|Any CPU.ActiveCfg = Release|Any CPU
		{1C9EB33A-F0B2-46F3-AC99-8A220087F508}.NET40|Any CPU.Build.0 = Release|Any CPU
		{1C9EB33A-F0B2-46F3-AC99-8A220087F508}.NET40|x64.ActiveCfg = Release|x64
		{1C9EB33A-F0B2-46F3-AC99-8A220087F508}.NET40|x64.Build.0 = Release|x64
		{1C9EB33A-F0B2-46F3-AC99-8A220087F508}.NET40|x86.ActiveCfg = Release|x86
		{1C9EB33A-F0B2-46F3-AC99-8A220087F508}.NET40|x86.Build.0 = Release|x86
		{1C9EB33A-F0B2-46F3-AC99-8A220087F508}.NET45|Any CPU.ActiveCfg = Release|Any CPU
		{1C9EB33A-F0B2-46F3-AC99-8A220087F508}.NET45|Any CPU.Build.0 = Release|Any CPU
		{1C9EB33A-F0B2-46F3-AC99-8A220087F508}.NET45|x64.ActiveCfg = Release|x64
		{1C9EB33A-F0B2-46F3-AC99-8A220087F508}.NET45|x64.Build.0 = Release|x64
		{1C9EB33A-F0B2-46F3-AC99-8A220087F508}.NET45|x86.ActiveCfg = Release|x86
		{1C9EB33A-F0B2-46F3-AC99-8A220087F508}.NET45|x86.Build.0 = Release|x86
		{1C9EB33A-F0B2-46F3-AC99-8A220087F508}.Release|Any CPU.ActiveCfg = Release|Any CPU
		{1C9EB33A-F0B2-46F3-AC99-8A220087F508}.Release|Any CPU.Build.0 = Release|Any CPU
		{1C9EB33A-F0B2-46F3-AC99-8A220087F508}.Release|x64.ActiveCfg = Release|x64
		{1C9EB33A-F0B2-46F3-AC99-8A220087F508}.Release|x64.Build.0 = Release|x64
		{1C9EB33A-F0B2-46F3-AC99-8A220087F508}.Release|x86.ActiveCfg = Release|x86
		{668350CF-2DFF-4D8C-8F4D-5AC53FD17015}.Debug|Any CPU.ActiveCfg = Debug|Any CPU
		{668350CF-2DFF-4D8C-8F4D-5AC53FD17015}.Debug|Any CPU.Build.0 = Debug|Any CPU
		{668350CF-2DFF-4D8C-8F4D-5AC53FD17015}.Debug|Any CPU.Deploy.0 = Debug|Any CPU
		{668350CF-2DFF-4D8C-8F4D-5AC53FD17015}.Debug|x64.ActiveCfg = Debug|x64
		{668350CF-2DFF-4D8C-8F4D-5AC53FD17015}.Debug|x64.Build.0 = Debug|x64
		{668350CF-2DFF-4D8C-8F4D-5AC53FD17015}.Debug|x86.ActiveCfg = Debug|x86
		{668350CF-2DFF-4D8C-8F4D-5AC53FD17015}.Debug|x86.Build.0 = Debug|x86
		{668350CF-2DFF-4D8C-8F4D-5AC53FD17015}.NET35|Any CPU.ActiveCfg = Release|Any CPU
		{668350CF-2DFF-4D8C-8F4D-5AC53FD17015}.NET35|Any CPU.Build.0 = Release|Any CPU
		{668350CF-2DFF-4D8C-8F4D-5AC53FD17015}.NET35|x64.ActiveCfg = Release|x64
		{668350CF-2DFF-4D8C-8F4D-5AC53FD17015}.NET35|x64.Build.0 = Release|x64
		{668350CF-2DFF-4D8C-8F4D-5AC53FD17015}.NET35|x86.ActiveCfg = Release|x86
		{668350CF-2DFF-4D8C-8F4D-5AC53FD17015}.NET35|x86.Build.0 = Release|x86
		{668350CF-2DFF-4D8C-8F4D-5AC53FD17015}.NET40|Any CPU.ActiveCfg = Release|Any CPU
		{668350CF-2DFF-4D8C-8F4D-5AC53FD17015}.NET40|Any CPU.Build.0 = Release|Any CPU
		{668350CF-2DFF-4D8C-8F4D-5AC53FD17015}.NET40|x64.ActiveCfg = Release|x64
		{668350CF-2DFF-4D8C-8F4D-5AC53FD17015}.NET40|x64.Build.0 = Release|x64
		{668350CF-2DFF-4D8C-8F4D-5AC53FD17015}.NET40|x86.ActiveCfg = Release|x86
		{668350CF-2DFF-4D8C-8F4D-5AC53FD17015}.NET40|x86.Build.0 = Release|x86
		{668350CF-2DFF-4D8C-8F4D-5AC53FD17015}.NET45|Any CPU.ActiveCfg = Release|Any CPU
		{668350CF-2DFF-4D8C-8F4D-5AC53FD17015}.NET45|Any CPU.Build.0 = Release|Any CPU
		{668350CF-2DFF-4D8C-8F4D-5AC53FD17015}.NET45|x64.ActiveCfg = Release|x64
		{668350CF-2DFF-4D8C-8F4D-5AC53FD17015}.NET45|x64.Build.0 = Release|x64
		{668350CF-2DFF-4D8C-8F4D-5AC53FD17015}.NET45|x86.ActiveCfg = Release|x86
		{668350CF-2DFF-4D8C-8F4D-5AC53FD17015}.NET45|x86.Build.0 = Release|x86
		{668350CF-2DFF-4D8C-8F4D-5AC53FD17015}.Release|Any CPU.ActiveCfg = Release|Any CPU
		{668350CF-2DFF-4D8C-8F4D-5AC53FD17015}.Release|Any CPU.Build.0 = Release|Any CPU
		{668350CF-2DFF-4D8C-8F4D-5AC53FD17015}.Release|x64.ActiveCfg = Release|x64
		{668350CF-2DFF-4D8C-8F4D-5AC53FD17015}.Release|x64.Build.0 = Release|x64
		{668350CF-2DFF-4D8C-8F4D-5AC53FD17015}.Release|x86.ActiveCfg = Release|x86
		{668350CF-2DFF-4D8C-8F4D-5AC53FD17015}.Release|x86.Build.0 = Release|x86
		{FD5228D9-A0DE-4785-A58C-2F9BE3C5C21B}.Debug|Any CPU.ActiveCfg = Debug|Any CPU
		{FD5228D9-A0DE-4785-A58C-2F9BE3C5C21B}.Debug|Any CPU.Build.0 = Debug|Any CPU
		{FD5228D9-A0DE-4785-A58C-2F9BE3C5C21B}.Debug|x64.ActiveCfg = Debug|x64
		{FD5228D9-A0DE-4785-A58C-2F9BE3C5C21B}.Debug|x64.Build.0 = Debug|x64
		{FD5228D9-A0DE-4785-A58C-2F9BE3C5C21B}.Debug|x86.ActiveCfg = Debug|x86
		{FD5228D9-A0DE-4785-A58C-2F9BE3C5C21B}.Debug|x86.Build.0 = Debug|x86
		{FD5228D9-A0DE-4785-A58C-2F9BE3C5C21B}.NET35|Any CPU.ActiveCfg = Release|Any CPU
		{FD5228D9-A0DE-4785-A58C-2F9BE3C5C21B}.NET35|Any CPU.Build.0 = Release|Any CPU
		{FD5228D9-A0DE-4785-A58C-2F9BE3C5C21B}.NET35|x64.ActiveCfg = Release|x64
		{FD5228D9-A0DE-4785-A58C-2F9BE3C5C21B}.NET35|x64.Build.0 = Release|x64
		{FD5228D9-A0DE-4785-A58C-2F9BE3C5C21B}.NET35|x86.ActiveCfg = Release|x86
		{FD5228D9-A0DE-4785-A58C-2F9BE3C5C21B}.NET35|x86.Build.0 = Release|x86
		{FD5228D9-A0DE-4785-A58C-2F9BE3C5C21B}.NET40|Any CPU.ActiveCfg = Release|Any CPU
		{FD5228D9-A0DE-4785-A58C-2F9BE3C5C21B}.NET40|Any CPU.Build.0 = Release|Any CPU
		{FD5228D9-A0DE-4785-A58C-2F9BE3C5C21B}.NET40|x64.ActiveCfg = Release|x64
		{FD5228D9-A0DE-4785-A58C-2F9BE3C5C21B}.NET40|x64.Build.0 = Release|x64
		{FD5228D9-A0DE-4785-A58C-2F9BE3C5C21B}.NET40|x86.ActiveCfg = Release|x86
		{FD5228D9-A0DE-4785-A58C-2F9BE3C5C21B}.NET40|x86.Build.0 = Release|x86
		{FD5228D9-A0DE-4785-A58C-2F9BE3C5C21B}.NET45|Any CPU.ActiveCfg = Release|Any CPU
		{FD5228D9-A0DE-4785-A58C-2F9BE3C5C21B}.NET45|Any CPU.Build.0 = Release|Any CPU
		{FD5228D9-A0DE-4785-A58C-2F9BE3C5C21B}.NET45|x64.ActiveCfg = Release|x64
		{FD5228D9-A0DE-4785-A58C-2F9BE3C5C21B}.NET45|x64.Build.0 = Release|x64
		{FD5228D9-A0DE-4785-A58C-2F9BE3C5C21B}.NET45|x86.ActiveCfg = Release|x86
		{FD5228D9-A0DE-4785-A58C-2F9BE3C5C21B}.NET45|x86.Build.0 = Release|x86
		{FD5228D9-A0DE-4785-A58C-2F9BE3C5C21B}.Release|Any CPU.ActiveCfg = Release|Any CPU
		{FD5228D9-A0DE-4785-A58C-2F9BE3C5C21B}.Release|Any CPU.Build.0 = Release|Any CPU
		{FD5228D9-A0DE-4785-A58C-2F9BE3C5C21B}.Release|x64.ActiveCfg = Release|x64
		{FD5228D9-A0DE-4785-A58C-2F9BE3C5C21B}.Release|x64.Build.0 = Release|x64
		{FD5228D9-A0DE-4785-A58C-2F9BE3C5C21B}.Release|x86.ActiveCfg = Release|x86
		{FD5228D9-A0DE-4785-A58C-2F9BE3C5C21B}.Release|x86.Build.0 = Release|x86
		{B97F683E-D168-4306-9A36-32B5EA37D790}.Debug|Any CPU.ActiveCfg = Debug|Any CPU
		{B97F683E-D168-4306-9A36-32B5EA37D790}.Debug|Any CPU.Build.0 = Debug|Any CPU
		{B97F683E-D168-4306-9A36-32B5EA37D790}.Debug|x64.ActiveCfg = Debug|Any CPU
		{B97F683E-D168-4306-9A36-32B5EA37D790}.Debug|x86.ActiveCfg = Debug|x86
		{B97F683E-D168-4306-9A36-32B5EA37D790}.Debug|x86.Build.0 = Debug|x86
		{B97F683E-D168-4306-9A36-32B5EA37D790}.NET35|Any CPU.ActiveCfg = Release|Any CPU
		{B97F683E-D168-4306-9A36-32B5EA37D790}.NET35|Any CPU.Build.0 = Release|Any CPU
		{B97F683E-D168-4306-9A36-32B5EA37D790}.NET35|x64.ActiveCfg = Release|Any CPU
		{B97F683E-D168-4306-9A36-32B5EA37D790}.NET35|x64.Build.0 = Release|Any CPU
		{B97F683E-D168-4306-9A36-32B5EA37D790}.NET35|x86.ActiveCfg = Release|x86
		{B97F683E-D168-4306-9A36-32B5EA37D790}.NET35|x86.Build.0 = Release|x86
		{B97F683E-D168-4306-9A36-32B5EA37D790}.NET40|Any CPU.ActiveCfg = Release|Any CPU
		{B97F683E-D168-4306-9A36-32B5EA37D790}.NET40|Any CPU.Build.0 = Release|Any CPU
		{B97F683E-D168-4306-9A36-32B5EA37D790}.NET40|x64.ActiveCfg = Release|Any CPU
		{B97F683E-D168-4306-9A36-32B5EA37D790}.NET40|x64.Build.0 = Release|Any CPU
		{B97F683E-D168-4306-9A36-32B5EA37D790}.NET40|x86.ActiveCfg = Release|x86
		{B97F683E-D168-4306-9A36-32B5EA37D790}.NET40|x86.Build.0 = Release|x86
		{B97F683E-D168-4306-9A36-32B5EA37D790}.NET45|Any CPU.ActiveCfg = Release|Any CPU
		{B97F683E-D168-4306-9A36-32B5EA37D790}.NET45|Any CPU.Build.0 = Release|Any CPU
		{B97F683E-D168-4306-9A36-32B5EA37D790}.NET45|x64.ActiveCfg = Release|Any CPU
		{B97F683E-D168-4306-9A36-32B5EA37D790}.NET45|x64.Build.0 = Release|Any CPU
		{B97F683E-D168-4306-9A36-32B5EA37D790}.NET45|x86.ActiveCfg = Release|x86
		{B97F683E-D168-4306-9A36-32B5EA37D790}.NET45|x86.Build.0 = Release|x86
		{B97F683E-D168-4306-9A36-32B5EA37D790}.Release|Any CPU.ActiveCfg = Release|Any CPU
		{B97F683E-D168-4306-9A36-32B5EA37D790}.Release|Any CPU.Build.0 = Release|Any CPU
		{B97F683E-D168-4306-9A36-32B5EA37D790}.Release|x64.ActiveCfg = Release|Any CPU
		{B97F683E-D168-4306-9A36-32B5EA37D790}.Release|x86.ActiveCfg = Release|x86
		{B97F683E-D168-4306-9A36-32B5EA37D790}.Release|x86.Build.0 = Release|x86
		{C984551F-B5C5-4330-9C4D-BC9C8F00A975}.Debug|Any CPU.ActiveCfg = Debug|Any CPU
		{C984551F-B5C5-4330-9C4D-BC9C8F00A975}.Debug|Any CPU.Build.0 = Debug|Any CPU
		{C984551F-B5C5-4330-9C4D-BC9C8F00A975}.Debug|x64.ActiveCfg = Debug|Any CPU
		{C984551F-B5C5-4330-9C4D-BC9C8F00A975}.Debug|x86.ActiveCfg = Debug|x86
		{C984551F-B5C5-4330-9C4D-BC9C8F00A975}.Debug|x86.Build.0 = Debug|x86
		{C984551F-B5C5-4330-9C4D-BC9C8F00A975}.NET35|Any CPU.ActiveCfg = Release|Any CPU
		{C984551F-B5C5-4330-9C4D-BC9C8F00A975}.NET35|Any CPU.Build.0 = Release|Any CPU
		{C984551F-B5C5-4330-9C4D-BC9C8F00A975}.NET35|x64.ActiveCfg = Release|x64
		{C984551F-B5C5-4330-9C4D-BC9C8F00A975}.NET35|x64.Build.0 = Release|x64
		{C984551F-B5C5-4330-9C4D-BC9C8F00A975}.NET35|x86.ActiveCfg = Release|x86
		{C984551F-B5C5-4330-9C4D-BC9C8F00A975}.NET35|x86.Build.0 = Release|x86
		{C984551F-B5C5-4330-9C4D-BC9C8F00A975}.NET40|Any CPU.ActiveCfg = Release|Any CPU
		{C984551F-B5C5-4330-9C4D-BC9C8F00A975}.NET40|Any CPU.Build.0 = Release|Any CPU
		{C984551F-B5C5-4330-9C4D-BC9C8F00A975}.NET40|x64.ActiveCfg = Release|x64
		{C984551F-B5C5-4330-9C4D-BC9C8F00A975}.NET40|x64.Build.0 = Release|x64
		{C984551F-B5C5-4330-9C4D-BC9C8F00A975}.NET40|x86.ActiveCfg = Release|x86
		{C984551F-B5C5-4330-9C4D-BC9C8F00A975}.NET40|x86.Build.0 = Release|x86
		{C984551F-B5C5-4330-9C4D-BC9C8F00A975}.NET45|Any CPU.ActiveCfg = Release|Any CPU
		{C984551F-B5C5-4330-9C4D-BC9C8F00A975}.NET45|Any CPU.Build.0 = Release|Any CPU
		{C984551F-B5C5-4330-9C4D-BC9C8F00A975}.NET45|x64.ActiveCfg = Release|x64
		{C984551F-B5C5-4330-9C4D-BC9C8F00A975}.NET45|x64.Build.0 = Release|x64
		{C984551F-B5C5-4330-9C4D-BC9C8F00A975}.NET45|x86.ActiveCfg = Release|x86
		{C984551F-B5C5-4330-9C4D-BC9C8F00A975}.NET45|x86.Build.0 = Release|x86
		{C984551F-B5C5-4330-9C4D-BC9C8F00A975}.Release|Any CPU.ActiveCfg = Release|Any CPU
		{C984551F-B5C5-4330-9C4D-BC9C8F00A975}.Release|Any CPU.Build.0 = Release|Any CPU
		{C984551F-B5C5-4330-9C4D-BC9C8F00A975}.Release|x64.ActiveCfg = Release|Any CPU
		{C984551F-B5C5-4330-9C4D-BC9C8F00A975}.Release|x86.ActiveCfg = Release|x86
		{C984551F-B5C5-4330-9C4D-BC9C8F00A975}.Release|x86.Build.0 = Release|x86
		{0E1A642D-0CEF-42AE-B274-C42BD4833993}.Debug|Any CPU.ActiveCfg = Debug|Any CPU
		{0E1A642D-0CEF-42AE-B274-C42BD4833993}.Debug|Any CPU.Build.0 = Debug|Any CPU
		{0E1A642D-0CEF-42AE-B274-C42BD4833993}.Debug|x64.ActiveCfg = Debug|Any CPU
		{0E1A642D-0CEF-42AE-B274-C42BD4833993}.Debug|x64.Build.0 = Debug|Any CPU
		{0E1A642D-0CEF-42AE-B274-C42BD4833993}.Debug|x86.ActiveCfg = Debug|Any CPU
		{0E1A642D-0CEF-42AE-B274-C42BD4833993}.NET35|Any CPU.ActiveCfg = Release|Any CPU
		{0E1A642D-0CEF-42AE-B274-C42BD4833993}.NET35|Any CPU.Build.0 = Release|Any CPU
		{0E1A642D-0CEF-42AE-B274-C42BD4833993}.NET35|x64.ActiveCfg = Release|Any CPU
		{0E1A642D-0CEF-42AE-B274-C42BD4833993}.NET35|x64.Build.0 = Release|Any CPU
		{0E1A642D-0CEF-42AE-B274-C42BD4833993}.NET35|x86.ActiveCfg = Release|Any CPU
		{0E1A642D-0CEF-42AE-B274-C42BD4833993}.NET35|x86.Build.0 = Release|Any CPU
		{0E1A642D-0CEF-42AE-B274-C42BD4833993}.NET40|Any CPU.ActiveCfg = Release|Any CPU
		{0E1A642D-0CEF-42AE-B274-C42BD4833993}.NET40|Any CPU.Build.0 = Release|Any CPU
		{0E1A642D-0CEF-42AE-B274-C42BD4833993}.NET40|x64.ActiveCfg = Release|Any CPU
		{0E1A642D-0CEF-42AE-B274-C42BD4833993}.NET40|x64.Build.0 = Release|Any CPU
		{0E1A642D-0CEF-42AE-B274-C42BD4833993}.NET40|x86.ActiveCfg = Release|Any CPU
		{0E1A642D-0CEF-42AE-B274-C42BD4833993}.NET40|x86.Build.0 = Release|Any CPU
		{0E1A642D-0CEF-42AE-B274-C42BD4833993}.NET45|Any CPU.ActiveCfg = Release|Any CPU
		{0E1A642D-0CEF-42AE-B274-C42BD4833993}.NET45|Any CPU.Build.0 = Release|Any CPU
		{0E1A642D-0CEF-42AE-B274-C42BD4833993}.NET45|x64.ActiveCfg = Release|Any CPU
		{0E1A642D-0CEF-42AE-B274-C42BD4833993}.NET45|x64.Build.0 = Release|Any CPU
		{0E1A642D-0CEF-42AE-B274-C42BD4833993}.NET45|x86.ActiveCfg = Release|Any CPU
		{0E1A642D-0CEF-42AE-B274-C42BD4833993}.NET45|x86.Build.0 = Release|Any CPU
		{0E1A642D-0CEF-42AE-B274-C42BD4833993}.Release|Any CPU.ActiveCfg = Release|Any CPU
		{0E1A642D-0CEF-42AE-B274-C42BD4833993}.Release|Any CPU.Build.0 = Release|Any CPU
		{0E1A642D-0CEF-42AE-B274-C42BD4833993}.Release|x64.ActiveCfg = Release|Any CPU
		{0E1A642D-0CEF-42AE-B274-C42BD4833993}.Release|x64.Build.0 = Release|Any CPU
		{0E1A642D-0CEF-42AE-B274-C42BD4833993}.Release|x86.ActiveCfg = Release|Any CPU
		{E6A5F7E1-4A1D-4613-AC26-310D20A9117D}.Debug|Any CPU.ActiveCfg = Debug|Any CPU
		{E6A5F7E1-4A1D-4613-AC26-310D20A9117D}.Debug|x64.ActiveCfg = Debug|Any CPU
		{E6A5F7E1-4A1D-4613-AC26-310D20A9117D}.Debug|x86.ActiveCfg = Debug|Any CPU
		{E6A5F7E1-4A1D-4613-AC26-310D20A9117D}.NET35|Any CPU.ActiveCfg = Release|Any CPU
		{E6A5F7E1-4A1D-4613-AC26-310D20A9117D}.NET35|x64.ActiveCfg = Release|Any CPU
		{E6A5F7E1-4A1D-4613-AC26-310D20A9117D}.NET35|x86.ActiveCfg = Release|Any CPU
		{E6A5F7E1-4A1D-4613-AC26-310D20A9117D}.NET40|Any CPU.ActiveCfg = Release|Any CPU
		{E6A5F7E1-4A1D-4613-AC26-310D20A9117D}.NET40|x64.ActiveCfg = Release|Any CPU
		{E6A5F7E1-4A1D-4613-AC26-310D20A9117D}.NET40|x86.ActiveCfg = Release|Any CPU
		{E6A5F7E1-4A1D-4613-AC26-310D20A9117D}.NET45|Any CPU.ActiveCfg = Release|Any CPU
		{E6A5F7E1-4A1D-4613-AC26-310D20A9117D}.NET45|x64.ActiveCfg = Release|Any CPU
		{E6A5F7E1-4A1D-4613-AC26-310D20A9117D}.NET45|x86.ActiveCfg = Release|Any CPU
		{E6A5F7E1-4A1D-4613-AC26-310D20A9117D}.Release|Any CPU.ActiveCfg = Release|Any CPU
		{E6A5F7E1-4A1D-4613-AC26-310D20A9117D}.Release|x64.ActiveCfg = Release|Any CPU
		{E6A5F7E1-4A1D-4613-AC26-310D20A9117D}.Release|x86.ActiveCfg = Release|Any CPU
		{9AD63F33-0D70-4416-BCB5-FEFACE06C741}.Debug|Any CPU.ActiveCfg = Debug|Any CPU
		{9AD63F33-0D70-4416-BCB5-FEFACE06C741}.Debug|Any CPU.Build.0 = Debug|Any CPU
		{9AD63F33-0D70-4416-BCB5-FEFACE06C741}.Debug|x64.ActiveCfg = Debug|Any CPU
		{9AD63F33-0D70-4416-BCB5-FEFACE06C741}.Debug|x86.ActiveCfg = Debug|Any CPU
		{9AD63F33-0D70-4416-BCB5-FEFACE06C741}.NET35|Any CPU.ActiveCfg = Release|Any CPU
		{9AD63F33-0D70-4416-BCB5-FEFACE06C741}.NET35|Any CPU.Build.0 = Release|Any CPU
		{9AD63F33-0D70-4416-BCB5-FEFACE06C741}.NET35|x64.ActiveCfg = Release|Any CPU
		{9AD63F33-0D70-4416-BCB5-FEFACE06C741}.NET35|x64.Build.0 = Release|Any CPU
		{9AD63F33-0D70-4416-BCB5-FEFACE06C741}.NET35|x86.ActiveCfg = Release|Any CPU
		{9AD63F33-0D70-4416-BCB5-FEFACE06C741}.NET35|x86.Build.0 = Release|Any CPU
		{9AD63F33-0D70-4416-BCB5-FEFACE06C741}.NET40|Any CPU.ActiveCfg = Release|Any CPU
		{9AD63F33-0D70-4416-BCB5-FEFACE06C741}.NET40|Any CPU.Build.0 = Release|Any CPU
		{9AD63F33-0D70-4416-BCB5-FEFACE06C741}.NET40|x64.ActiveCfg = Release|Any CPU
		{9AD63F33-0D70-4416-BCB5-FEFACE06C741}.NET40|x64.Build.0 = Release|Any CPU
		{9AD63F33-0D70-4416-BCB5-FEFACE06C741}.NET40|x86.ActiveCfg = Release|Any CPU
		{9AD63F33-0D70-4416-BCB5-FEFACE06C741}.NET40|x86.Build.0 = Release|Any CPU
		{9AD63F33-0D70-4416-BCB5-FEFACE06C741}.NET45|Any CPU.ActiveCfg = Release|Any CPU
		{9AD63F33-0D70-4416-BCB5-FEFACE06C741}.NET45|Any CPU.Build.0 = Release|Any CPU
		{9AD63F33-0D70-4416-BCB5-FEFACE06C741}.NET45|x64.ActiveCfg = Release|Any CPU
		{9AD63F33-0D70-4416-BCB5-FEFACE06C741}.NET45|x64.Build.0 = Release|Any CPU
		{9AD63F33-0D70-4416-BCB5-FEFACE06C741}.NET45|x86.ActiveCfg = Release|Any CPU
		{9AD63F33-0D70-4416-BCB5-FEFACE06C741}.NET45|x86.Build.0 = Release|Any CPU
		{9AD63F33-0D70-4416-BCB5-FEFACE06C741}.Release|Any CPU.ActiveCfg = Release|Any CPU
		{9AD63F33-0D70-4416-BCB5-FEFACE06C741}.Release|Any CPU.Build.0 = Release|Any CPU
		{9AD63F33-0D70-4416-BCB5-FEFACE06C741}.Release|x64.ActiveCfg = Release|Any CPU
		{9AD63F33-0D70-4416-BCB5-FEFACE06C741}.Release|x86.ActiveCfg = Release|Any CPU
		{2EFAA327-1789-4438-B9F5-E83ACAE12DB2}.Debug|Any CPU.ActiveCfg = Debug|Any CPU
		{2EFAA327-1789-4438-B9F5-E83ACAE12DB2}.Debug|Any CPU.Build.0 = Debug|Any CPU
		{2EFAA327-1789-4438-B9F5-E83ACAE12DB2}.Debug|x64.ActiveCfg = Debug|Any CPU
		{2EFAA327-1789-4438-B9F5-E83ACAE12DB2}.Debug|x64.Build.0 = Debug|Any CPU
		{2EFAA327-1789-4438-B9F5-E83ACAE12DB2}.Debug|x86.ActiveCfg = Debug|Any CPU
		{2EFAA327-1789-4438-B9F5-E83ACAE12DB2}.Debug|x86.Build.0 = Debug|Any CPU
		{2EFAA327-1789-4438-B9F5-E83ACAE12DB2}.NET35|Any CPU.ActiveCfg = NET35|Any CPU
		{2EFAA327-1789-4438-B9F5-E83ACAE12DB2}.NET35|Any CPU.Build.0 = NET35|Any CPU
		{2EFAA327-1789-4438-B9F5-E83ACAE12DB2}.NET35|x64.ActiveCfg = NET35|Any CPU
		{2EFAA327-1789-4438-B9F5-E83ACAE12DB2}.NET35|x64.Build.0 = NET35|Any CPU
		{2EFAA327-1789-4438-B9F5-E83ACAE12DB2}.NET35|x86.ActiveCfg = NET35|Any CPU
		{2EFAA327-1789-4438-B9F5-E83ACAE12DB2}.NET35|x86.Build.0 = NET35|Any CPU
		{2EFAA327-1789-4438-B9F5-E83ACAE12DB2}.NET40|Any CPU.ActiveCfg = NET40|Any CPU
		{2EFAA327-1789-4438-B9F5-E83ACAE12DB2}.NET40|Any CPU.Build.0 = NET40|Any CPU
		{2EFAA327-1789-4438-B9F5-E83ACAE12DB2}.NET40|x64.ActiveCfg = NET40|Any CPU
		{2EFAA327-1789-4438-B9F5-E83ACAE12DB2}.NET40|x64.Build.0 = NET40|Any CPU
		{2EFAA327-1789-4438-B9F5-E83ACAE12DB2}.NET40|x86.ActiveCfg = NET40|Any CPU
		{2EFAA327-1789-4438-B9F5-E83ACAE12DB2}.NET40|x86.Build.0 = NET40|Any CPU
		{2EFAA327-1789-4438-B9F5-E83ACAE12DB2}.NET45|Any CPU.ActiveCfg = NET45|Any CPU
		{2EFAA327-1789-4438-B9F5-E83ACAE12DB2}.NET45|Any CPU.Build.0 = NET45|Any CPU
		{2EFAA327-1789-4438-B9F5-E83ACAE12DB2}.NET45|x64.ActiveCfg = NET45|Any CPU
		{2EFAA327-1789-4438-B9F5-E83ACAE12DB2}.NET45|x64.Build.0 = NET45|Any CPU
		{2EFAA327-1789-4438-B9F5-E83ACAE12DB2}.NET45|x86.ActiveCfg = NET45|Any CPU
		{2EFAA327-1789-4438-B9F5-E83ACAE12DB2}.NET45|x86.Build.0 = NET45|Any CPU
		{2EFAA327-1789-4438-B9F5-E83ACAE12DB2}.Release|Any CPU.ActiveCfg = NET45|Any CPU
		{2EFAA327-1789-4438-B9F5-E83ACAE12DB2}.Release|Any CPU.Build.0 = NET45|Any CPU
		{2EFAA327-1789-4438-B9F5-E83ACAE12DB2}.Release|x64.ActiveCfg = NET45|Any CPU
		{2EFAA327-1789-4438-B9F5-E83ACAE12DB2}.Release|x64.Build.0 = NET45|Any CPU
		{2EFAA327-1789-4438-B9F5-E83ACAE12DB2}.Release|x86.ActiveCfg = NET45|Any CPU
		{2EFAA327-1789-4438-B9F5-E83ACAE12DB2}.Release|x86.Build.0 = NET45|Any CPU
	EndGlobalSection
	GlobalSection(SolutionProperties) = preSolution
		HideSolutionNode = FALSE
	EndGlobalSection
	GlobalSection(NestedProjects) = preSolution
		{0E1A642D-0CEF-42AE-B274-C42BD4833993} = {118D2B72-D8E3-4498-AFB1-8129EF896D09}
	EndGlobalSection
EndGlobal
